
Microsoft Visual Studio Solution File, Format Version 12.00
# Visual Studio Version 16
VisualStudioVersion = 16.0.29519.87
MinimumVisualStudioVersion = 10.0.40219.1
Project("{FAE04EC0-301F-11D3-BF4B-00C04F79EFBC}") = "Windows DLL Function Testing", "Windows DLL Function Testing.csproj", "{C69CE6B8-1038-4663-BBAE-EF03952AD7DC}"
EndProject
Global
	GlobalSection(SolutionConfigurationPlatforms) = preSolution
		Debug|Any CPU = Debug|Any CPU
		Release|Any CPU = Release|Any CPU
	EndGlobalSection
	GlobalSection(ProjectConfigurationPlatforms) = postSolution
		{C69CE6B8-1038-4663-BBAE-EF03952AD7DC}.Debug|Any CPU.ActiveCfg = Debug|Any CPU
		{C69CE6B8-1038-4663-BBAE-EF03952AD7DC}.Debug|Any CPU.Build.0 = Debug|Any CPU
		{C69CE6B8-1038-4663-BBAE-EF03952AD7DC}.Release|Any CPU.ActiveCfg = Release|Any CPU
		{C69CE6B8-1038-4663-BBAE-EF03952AD7DC}.Release|Any CPU.Build.0 = Release|Any CPU
	EndGlobalSection
	GlobalSection(SolutionProperties) = preSolution
		HideSolutionNode = FALSE
	EndGlobalSection
	GlobalSection(ExtensibilityGlobals) = postSolution
		SolutionGuid = {2615E1F0-2EAE-4890-8515-266912402768}
	EndGlobalSection
EndGlobal
